<Solution>
  <Project Path="RIKTrialServer/RIKTrialServer.csproj" />
  <Project Path="RIKTrialSharedModels/RIKTrialSharedModels.csproj" Id="1c4f0a1c-f897-49c3-8bba-75ea75af0925" />
  <Project Path="RIKTrialWebInterface/RIKTrialWebInterface.csproj" Id="f1d26fd7-5c6d-4265-89dd-00a7abe427a4" />
</Solution>
